
Microsoft Visual Studio Solution File, Format Version 12.00
# Visual Studio 15
Project("{FAE04EC0-301F-11D3-BF4B-00C04F79EFBC}") = "Assembly-CSharp", "Assembly-CSharp.csproj", "{2F18FFB4-B8DF-705F-2F14-C8576F2B96BE}"
EndProject
Project("{FAE04EC0-301F-11D3-BF4B-00C04F79EFBC}") = "Assembly-CSharp-Editor", "Assembly-CSharp-Editor.csproj", "{4E586ACF-F4AF-6E6A-0B38-13B750684BFA}"
EndProject
Global
	GlobalSection(SolutionConfigurationPlatforms) = preSolution
		Debug|Any CPU = Debug|Any CPU
		Release|Any CPU = Release|Any CPU
	EndGlobalSection
	GlobalSection(ProjectConfigurationPlatforms) = postSolution
		{2F18FFB4-B8DF-705F-2F14-C8576F2B96BE}.Debug|Any CPU.ActiveCfg = Debug|Any CPU
		{2F18FFB4-B8DF-705F-2F14-C8576F2B96BE}.Debug|Any CPU.Build.0 = Debug|Any CPU
		{2F18FFB4-B8DF-705F-2F14-C8576F2B96BE}.Release|Any CPU.ActiveCfg = Release|Any CPU
		{2F18FFB4-B8DF-705F-2F14-C8576F2B96BE}.Release|Any CPU.Build.0 = Release|Any CPU
		{4E586ACF-F4AF-6E6A-0B38-13B750684BFA}.Debug|Any CPU.ActiveCfg = Debug|Any CPU
		{4E586ACF-F4AF-6E6A-0B38-13B750684BFA}.Debug|Any CPU.Build.0 = Debug|Any CPU
		{4E586ACF-F4AF-6E6A-0B38-13B750684BFA}.Release|Any CPU.ActiveCfg = Release|Any CPU
		{4E586ACF-F4AF-6E6A-0B38-13B750684BFA}.Release|Any CPU.Build.0 = Release|Any CPU
	EndGlobalSection
	GlobalSection(SolutionProperties) = preSolution
		HideSolutionNode = FALSE
	EndGlobalSection
	GlobalSection(MonoDevelopProperties) = preSolution
		StartupItem = Assembly-CSharp.csproj
	EndGlobalSection
EndGlobal
